
Microsoft Visual Studio Solution File, Format Version 12.00
# Visual Studio 15
VisualStudioVersion = 15.0.28010.2046
MinimumVisualStudioVersion = 10.0.40219.1
Project("{FAE04EC0-301F-11D3-BF4B-00C04F79EFBC}") = "Surveys.Android", "Surveys\Surveys.Android\Surveys.Android.csproj", "{807DEC0B-2553-45E8-82DD-EDBA60B3D075}"
EndProject
Project("{FAE04EC0-301F-11D3-BF4B-00C04F79EFBC}") = "Surveys.iOS", "Surveys\Surveys.iOS\Surveys.iOS.csproj", "{B85A0B0C-C9B5-45AC-8920-E38476DAD40D}"
EndProject
Project("{FAE04EC0-301F-11D3-BF4B-00C04F79EFBC}") = "Surveys.UWP", "Surveys\Surveys.UWP\Surveys.UWP.csproj", "{7D7AD5B4-F26A-4DDF-B0F0-C46D579EC340}"
EndProject
Project("{FAE04EC0-301F-11D3-BF4B-00C04F79EFBC}") = "Surveys", "Surveys\Surveys\Surveys.csproj", "{79C1B46C-A621-4BBF-9B80-10957DD826B1}"
EndProject
Global
	GlobalSection(SolutionConfigurationPlatforms) = preSolution
		Ad-Hoc|Any CPU = Ad-Hoc|Any CPU
		Ad-Hoc|ARM = Ad-Hoc|ARM
		Ad-Hoc|iPhone = Ad-Hoc|iPhone
		Ad-Hoc|iPhoneSimulator = Ad-Hoc|iPhoneSimulator
		Ad-Hoc|x64 = Ad-Hoc|x64
		Ad-Hoc|x86 = Ad-Hoc|x86
		AppStore|Any CPU = AppStore|Any CPU
		AppStore|ARM = AppStore|ARM
		AppStore|iPhone = AppStore|iPhone
		AppStore|iPhoneSimulator = AppStore|iPhoneSimulator
		AppStore|x64 = AppStore|x64
		AppStore|x86 = AppStore|x86
		Debug|Any CPU = Debug|Any CPU
		Debug|ARM = Debug|ARM
		Debug|iPhone = Debug|iPhone
		Debug|iPhoneSimulator = Debug|iPhoneSimulator
		Debug|x64 = Debug|x64
		Debug|x86 = Debug|x86
		Release|Any CPU = Release|Any CPU
		Release|ARM = Release|ARM
		Release|iPhone = Release|iPhone
		Release|iPhoneSimulator = Release|iPhoneSimulator
		Release|x64 = Release|x64
		Release|x86 = Release|x86
	EndGlobalSection
	GlobalSection(ProjectConfigurationPlatforms) = postSolution
		{807DEC0B-2553-45E8-82DD-EDBA60B3D075}.Ad-Hoc|Any CPU.ActiveCfg = Release|Any CPU
		{807DEC0B-2553-45E8-82DD-EDBA60B3D075}.Ad-Hoc|Any CPU.Build.0 = Release|Any CPU
		{807DEC0B-2553-45E8-82DD-EDBA60B3D075}.Ad-Hoc|Any CPU.Deploy.0 = Release|Any CPU
		{807DEC0B-2553-45E8-82DD-EDBA60B3D075}.Ad-Hoc|ARM.ActiveCfg = Release|Any CPU
		{807DEC0B-2553-45E8-82DD-EDBA60B3D075}.Ad-Hoc|ARM.Build.0 = Release|Any CPU
		{807DEC0B-2553-45E8-82DD-EDBA60B3D075}.Ad-Hoc|ARM.Deploy.0 = Release|Any CPU
		{807DEC0B-2553-45E8-82DD-EDBA60B3D075}.Ad-Hoc|iPhone.ActiveCfg = Release|Any CPU
		{807DEC0B-2553-45E8-82DD-EDBA60B3D075}.Ad-Hoc|iPhone.Build.0 = Release|Any CPU
		{807DEC0B-2553-45E8-82DD-EDBA60B3D075}.Ad-Hoc|iPhone.Deploy.0 = Release|Any CPU
		{807DEC0B-2553-45E8-82DD-EDBA60B3D075}.Ad-Hoc|iPhoneSimulator.ActiveCfg = Release|Any CPU
		{807DEC0B-2553-45E8-82DD-EDBA60B3D075}.Ad-Hoc|iPhoneSimulator.Build.0 = Release|Any CPU
		{807DEC0B-2553-45E8-82DD-EDBA60B3D075}.Ad-Hoc|iPhoneSimulator.Deploy.0 = Release|Any CPU
		{807DEC0B-2553-45E8-82DD-EDBA60B3D075}.Ad-Hoc|x64.ActiveCfg = Release|Any CPU
		{807DEC0B-2553-45E8-82DD-EDBA60B3D075}.Ad-Hoc|x64.Build.0 = Release|Any CPU
		{807DEC0B-2553-45E8-82DD-EDBA60B3D075}.Ad-Hoc|x64.Deploy.0 = Release|Any CPU
		{807DEC0B-2553-45E8-82DD-EDBA60B3D075}.Ad-Hoc|x86.ActiveCfg = Release|Any CPU
		{807DEC0B-2553-45E8-82DD-EDBA60B3D075}.Ad-Hoc|x86.Build.0 = Release|Any CPU
		{807DEC0B-2553-45E8-82DD-EDBA60B3D075}.Ad-Hoc|x86.Deploy.0 = Release|Any CPU
		{807DEC0B-2553-45E8-82DD-EDBA60B3D075}.AppStore|Any CPU.ActiveCfg = Release|Any CPU
		{807DEC0B-2553-45E8-82DD-EDBA60B3D075}.AppStore|Any CPU.Build.0 = Release|Any CPU
		{807DEC0B-2553-45E8-82DD-EDBA60B3D075}.AppStore|Any CPU.Deploy.0 = Release|Any CPU
		{807DEC0B-2553-45E8-82DD-EDBA60B3D075}.AppStore|ARM.ActiveCfg = Release|Any CPU
		{807DEC0B-2553-45E8-82DD-EDBA60B3D075}.AppStore|ARM.Build.0 = Release|Any CPU
		{807DEC0B-2553-45E8-82DD-EDBA60B3D075}.AppStore|ARM.Deploy.0 = Release|Any CPU
		{807DEC0B-2553-45E8-82DD-EDBA60B3D075}.AppStore|iPhone.ActiveCfg = Release|Any CPU
		{807DEC0B-2553-45E8-82DD-EDBA60B3D075}.AppStore|iPhone.Build.0 = Release|Any CPU
		{807DEC0B-2553-45E8-82DD-EDBA60B3D075}.AppStore|iPhone.Deploy.0 = Release|Any CPU
		{807DEC0B-2553-45E8-82DD-EDBA60B3D075}.AppStore|iPhoneSimulator.ActiveCfg = Release|Any CPU
		{807DEC0B-2553-45E8-82DD-EDBA60B3D075}.AppStore|iPhoneSimulator.Build.0 = Release|Any CPU
		{807DEC0B-2553-45E8-82DD-EDBA60B3D075}.AppStore|iPhoneSimulator.Deploy.0 = Release|Any CPU
		{807DEC0B-2553-45E8-82DD-EDBA60B3D075}.AppStore|x64.ActiveCfg = Release|Any CPU
		{807DEC0B-2553-45E8-82DD-EDBA60B3D075}.AppStore|x64.Build.0 = Release|Any CPU
		{807DEC0B-2553-45E8-82DD-EDBA60B3D075}.AppStore|x64.Deploy.0 = Release|Any CPU
		{807DEC0B-2553-45E8-82DD-EDBA60B3D075}.AppStore|x86.ActiveCfg = Release|Any CPU
		{807DEC0B-2553-45E8-82DD-EDBA60B3D075}.AppStore|x86.Build.0 = Release|Any CPU
		{807DEC0B-2553-45E8-82DD-EDBA60B3D075}.AppStore|x86.Deploy.0 = Release|Any CPU
		{807DEC0B-2553-45E8-82DD-EDBA60B3D075}.Debug|Any CPU.ActiveCfg = Debug|Any CPU
		{807DEC0B-2553-45E8-82DD-EDBA60B3D075}.Debug|Any CPU.Build.0 = Debug|Any CPU
		{807DEC0B-2553-45E8-82DD-EDBA60B3D075}.Debug|Any CPU.Deploy.0 = Debug|Any CPU
		{807DEC0B-2553-45E8-82DD-EDBA60B3D075}.Debug|ARM.ActiveCfg = Debug|Any CPU
		{807DEC0B-2553-45E8-82DD-EDBA60B3D075}.Debug|ARM.Build.0 = Debug|Any CPU
		{807DEC0B-2553-45E8-82DD-EDBA60B3D075}.Debug|ARM.Deploy.0 = Debug|Any CPU
		{807DEC0B-2553-45E8-82DD-EDBA60B3D075}.Debug|iPhone.ActiveCfg = Debug|Any CPU
		{807DEC0B-2553-45E8-82DD-EDBA60B3D075}.Debug|iPhone.Build.0 = Debug|Any CPU
		{807DEC0B-2553-45E8-82DD-EDBA60B3D075}.Debug|iPhone.Deploy.0 = Debug|Any CPU
		{807DEC0B-2553-45E8-82DD-EDBA60B3D075}.Debug|iPhoneSimulator.ActiveCfg = Debug|Any CPU
		{807DEC0B-2553-45E8-82DD-EDBA60B3D075}.Debug|iPhoneSimulator.Build.0 = Debug|Any CPU
		{807DEC0B-2553-45E8-82DD-EDBA60B3D075}.Debug|iPhoneSimulator.Deploy.0 = Debug|Any CPU
		{807DEC0B-2553-45E8-82DD-EDBA60B3D075}.Debug|x64.ActiveCfg = Debug|Any CPU
		{807DEC0B-2553-45E8-82DD-EDBA60B3D075}.Debug|x64.Build.0 = Debug|Any CPU
		{807DEC0B-2553-45E8-82DD-EDBA60B3D075}.Debug|x64.Deploy.0 = Debug|Any CPU
		{807DEC0B-2553-45E8-82DD-EDBA60B3D075}.Debug|x86.ActiveCfg = Debug|Any CPU
		{807DEC0B-2553-45E8-82DD-EDBA60B3D075}.Debug|x86.Build.0 = Debug|Any CPU
		{807DEC0B-2553-45E8-82DD-EDBA60B3D075}.Debug|x86.Deploy.0 = Debug|Any CPU
		{807DEC0B-2553-45E8-82DD-EDBA60B3D075}.Release|Any CPU.ActiveCfg = Release|Any CPU
		{807DEC0B-2553-45E8-82DD-EDBA60B3D075}.Release|Any CPU.Build.0 = Release|Any CPU
		{807DEC0B-2553-45E8-82DD-EDBA60B3D075}.Release|Any CPU.Deploy.0 = Release|Any CPU
		{807DEC0B-2553-45E8-82DD-EDBA60B3D075}.Release|ARM.ActiveCfg = Release|Any CPU
		{807DEC0B-2553-45E8-82DD-EDBA60B3D075}.Release|ARM.Build.0 = Release|Any CPU
		{807DEC0B-2553-45E8-82DD-EDBA60B3D075}.Release|ARM.Deploy.0 = Release|Any CPU
		{807DEC0B-2553-45E8-82DD-EDBA60B3D075}.Release|iPhone.ActiveCfg = Release|Any CPU
		{807DEC0B-2553-45E8-82DD-EDBA60B3D075}.Release|iPhone.Build.0 = Release|Any CPU
		{807DEC0B-2553-45E8-82DD-EDBA60B3D075}.Release|iPhone.Deploy.0 = Release|Any CPU
		{807DEC0B-2553-45E8-82DD-EDBA60B3D075}.Release|iPhoneSimulator.ActiveCfg = Release|Any CPU
		{807DEC0B-2553-45E8-82DD-EDBA60B3D075}.Release|iPhoneSimulator.Build.0 = Release|Any CPU
		{807DEC0B-2553-45E8-82DD-EDBA60B3D075}.Release|iPhoneSimulator.Deploy.0 = Release|Any CPU
		{807DEC0B-2553-45E8-82DD-EDBA60B3D075}.Release|x64.ActiveCfg = Release|Any CPU
		{807DEC0B-2553-45E8-82DD-EDBA60B3D075}.Release|x64.Build.0 = Release|Any CPU
		{807DEC0B-2553-45E8-82DD-EDBA60B3D075}.Release|x64.Deploy.0 = Release|Any CPU
		{807DEC0B-2553-45E8-82DD-EDBA60B3D075}.Release|x86.ActiveCfg = Release|Any CPU
		{807DEC0B-2553-45E8-82DD-EDBA60B3D075}.Release|x86.Build.0 = Release|Any CPU
		{807DEC0B-2553-45E8-82DD-EDBA60B3D075}.Release|x86.Deploy.0 = Release|Any CPU
		{B85A0B0C-C9B5-45AC-8920-E38476DAD40D}.Ad-Hoc|Any CPU.ActiveCfg = Ad-Hoc|iPhone
		{B85A0B0C-C9B5-45AC-8920-E38476DAD40D}.Ad-Hoc|Any CPU.Build.0 = Ad-Hoc|iPhone
		{B85A0B0C-C9B5-45AC-8920-E38476DAD40D}.Ad-Hoc|Any CPU.Deploy.0 = Ad-Hoc|iPhone
		{B85A0B0C-C9B5-45AC-8920-E38476DAD40D}.Ad-Hoc|ARM.ActiveCfg = Ad-Hoc|iPhone
		{B85A0B0C-C9B5-45AC-8920-E38476DAD40D}.Ad-Hoc|ARM.Build.0 = Ad-Hoc|iPhone
		{B85A0B0C-C9B5-45AC-8920-E38476DAD40D}.Ad-Hoc|ARM.Deploy.0 = Ad-Hoc|iPhone
		{B85A0B0C-C9B5-45AC-8920-E38476DAD40D}.Ad-Hoc|iPhone.ActiveCfg = Ad-Hoc|iPhone
		{B85A0B0C-C9B5-45AC-8920-E38476DAD40D}.Ad-Hoc|iPhone.Build.0 = Ad-Hoc|iPhone
		{B85A0B0C-C9B5-45AC-8920-E38476DAD40D}.Ad-Hoc|iPhone.Deploy.0 = Ad-Hoc|iPhone
		{B85A0B0C-C9B5-45AC-8920-E38476DAD40D}.Ad-Hoc|iPhoneSimulator.ActiveCfg = Ad-Hoc|iPhoneSimulator
		{B85A0B0C-C9B5-45AC-8920-E38476DAD40D}.Ad-Hoc|iPhoneSimulator.Build.0 = Ad-Hoc|iPhoneSimulator
		{B85A0B0C-C9B5-45AC-8920-E38476DAD40D}.Ad-Hoc|iPhoneSimulator.Deploy.0 = Ad-Hoc|iPhoneSimulator
		{B85A0B0C-C9B5-45AC-8920-E38476DAD40D}.Ad-Hoc|x64.ActiveCfg = Ad-Hoc|iPhone
		{B85A0B0C-C9B5-45AC-8920-E38476DAD40D}.Ad-Hoc|x64.Build.0 = Ad-Hoc|iPhone
		{B85A0B0C-C9B5-45AC-8920-E38476DAD40D}.Ad-Hoc|x64.Deploy.0 = Ad-Hoc|iPhone
		{B85A0B0C-C9B5-45AC-8920-E38476DAD40D}.Ad-Hoc|x86.ActiveCfg = Ad-Hoc|iPhone
		{B85A0B0C-C9B5-45AC-8920-E38476DAD40D}.Ad-Hoc|x86.Build.0 = Ad-Hoc|iPhone
		{B85A0B0C-C9B5-45AC-8920-E38476DAD40D}.Ad-Hoc|x86.Deploy.0 = Ad-Hoc|iPhone
		{B85A0B0C-C9B5-45AC-8920-E38476DAD40D}.AppStore|Any CPU.ActiveCfg = AppStore|iPhone
		{B85A0B0C-C9B5-45AC-8920-E38476DAD40D}.AppStore|Any CPU.Build.0 = AppStore|iPhone
		{B85A0B0C-C9B5-45AC-8920-E38476DAD40D}.AppStore|Any CPU.Deploy.0 = AppStore|iPhone
		{B85A0B0C-C9B5-45AC-8920-E38476DAD40D}.AppStore|ARM.ActiveCfg = AppStore|iPhone
		{B85A0B0C-C9B5-45AC-8920-E38476DAD40D}.AppStore|ARM.Build.0 = AppStore|iPhone
		{B85A0B0C-C9B5-45AC-8920-E38476DAD40D}.AppStore|ARM.Deploy.0 = AppStore|iPhone
		{B85A0B0C-C9B5-45AC-8920-E38476DAD40D}.AppStore|iPhone.ActiveCfg = AppStore|iPhone
		{B85A0B0C-C9B5-45AC-8920-E38476DAD40D}.AppStore|iPhone.Build.0 = AppStore|iPhone
		{B85A0B0C-C9B5-45AC-8920-E38476DAD40D}.AppStore|iPhone.Deploy.0 = AppStore|iPhone
		{B85A0B0C-C9B5-45AC-8920-E38476DAD40D}.AppStore|iPhoneSimulator.ActiveCfg = AppStore|iPhoneSimulator
		{B85A0B0C-C9B5-45AC-8920-E38476DAD40D}.AppStore|iPhoneSimulator.Build.0 = AppStore|iPhoneSimulator
		{B85A0B0C-C9B5-45AC-8920-E38476DAD40D}.AppStore|iPhoneSimulator.Deploy.0 = AppStore|iPhoneSimulator
		{B85A0B0C-C9B5-45AC-8920-E38476DAD40D}.AppStore|x64.ActiveCfg = AppStore|iPhone
		{B85A0B0C-C9B5-45AC-8920-E38476DAD40D}.AppStore|x64.Build.0 = AppStore|iPhone
		{B85A0B0C-C9B5-45AC-8920-E38476DAD40D}.AppStore|x64.Deploy.0 = AppStore|iPhone
		{B85A0B0C-C9B5-45AC-8920-E38476DAD40D}.AppStore|x86.ActiveCfg = AppStore|iPhone
		{B85A0B0C-C9B5-45AC-8920-E38476DAD40D}.AppStore|x86.Build.0 = AppStore|iPhone
		{B85A0B0C-C9B5-45AC-8920-E38476DAD40D}.AppStore|x86.Deploy.0 = AppStore|iPhone
		{B85A0B0C-C9B5-45AC-8920-E38476DAD40D}.Debug|Any CPU.ActiveCfg = Debug|iPhoneSimulator
		{B85A0B0C-C9B5-45AC-8920-E38476DAD40D}.Debug|Any CPU.Build.0 = Debug|iPhoneSimulator
		{B85A0B0C-C9B5-45AC-8920-E38476DAD40D}.Debug|Any CPU.Deploy.0 = Debug|iPhoneSimulator
		{B85A0B0C-C9B5-45AC-8920-E38476DAD40D}.Debug|ARM.ActiveCfg = Debug|iPhone
		{B85A0B0C-C9B5-45AC-8920-E38476DAD40D}.Debug|ARM.Build.0 = Debug|iPhone
		{B85A0B0C-C9B5-45AC-8920-E38476DAD40D}.Debug|ARM.Deploy.0 = Debug|iPhone
		{B85A0B0C-C9B5-45AC-8920-E38476DAD40D}.Debug|iPhone.ActiveCfg = Debug|iPhone
		{B85A0B0C-C9B5-45AC-8920-E38476DAD40D}.Debug|iPhone.Build.0 = Debug|iPhone
		{B85A0B0C-C9B5-45AC-8920-E38476DAD40D}.Debug|iPhone.Deploy.0 = Debug|iPhone
		{B85A0B0C-C9B5-45AC-8920-E38476DAD40D}.Debug|iPhoneSimulator.ActiveCfg = Debug|iPhoneSimulator
		{B85A0B0C-C9B5-45AC-8920-E38476DAD40D}.Debug|iPhoneSimulator.Build.0 = Debug|iPhoneSimulator
		{B85A0B0C-C9B5-45AC-8920-E38476DAD40D}.Debug|iPhoneSimulator.Deploy.0 = Debug|iPhoneSimulator
		{B85A0B0C-C9B5-45AC-8920-E38476DAD40D}.Debug|x64.ActiveCfg = Debug|iPhone
		{B85A0B0C-C9B5-45AC-8920-E38476DAD40D}.Debug|x64.Build.0 = Debug|iPhone
		{B85A0B0C-C9B5-45AC-8920-E38476DAD40D}.Debug|x64.Deploy.0 = Debug|iPhone
		{B85A0B0C-C9B5-45AC-8920-E38476DAD40D}.Debug|x86.ActiveCfg = Debug|iPhone
		{B85A0B0C-C9B5-45AC-8920-E38476DAD40D}.Debug|x86.Deploy.0 = Debug|iPhone
		{B85A0B0C-C9B5-45AC-8920-E38476DAD40D}.Release|Any CPU.ActiveCfg = Release|iPhone
		{B85A0B0C-C9B5-45AC-8920-E38476DAD40D}.Release|Any CPU.Build.0 = Release|iPhone
		{B85A0B0C-C9B5-45AC-8920-E38476DAD40D}.Release|Any CPU.Deploy.0 = Release|iPhone
		{B85A0B0C-C9B5-45AC-8920-E38476DAD40D}.Release|ARM.ActiveCfg = Release|iPhone
		{B85A0B0C-C9B5-45AC-8920-E38476DAD40D}.Release|ARM.Build.0 = Release|iPhone
		{B85A0B0C-C9B5-45AC-8920-E38476DAD40D}.Release|ARM.Deploy.0 = Release|iPhone
		{B85A0B0C-C9B5-45AC-8920-E38476DAD40D}.Release|iPhone.ActiveCfg = Release|iPhone
		{B85A0B0C-C9B5-45AC-8920-E38476DAD40D}.Release|iPhone.Build.0 = Release|iPhone
		{B85A0B0C-C9B5-45AC-8920-E38476DAD40D}.Release|iPhone.Deploy.0 = Release|iPhone
		{B85A0B0C-C9B5-45AC-8920-E38476DAD40D}.Release|iPhoneSimulator.ActiveCfg = Release|iPhoneSimulator
		{B85A0B0C-C9B5-45AC-8920-E38476DAD40D}.Release|iPhoneSimulator.Build.0 = Release|iPhoneSimulator
		{B85A0B0C-C9B5-45AC-8920-E38476DAD40D}.Release|iPhoneSimulator.Deploy.0 = Release|iPhoneSimulator
		{B85A0B0C-C9B5-45AC-8920-E38476DAD40D}.Release|x64.ActiveCfg = Release|iPhone
		{B85A0B0C-C9B5-45AC-8920-E38476DAD40D}.Release|x64.Build.0 = Release|iPhone
		{B85A0B0C-C9B5-45AC-8920-E38476DAD40D}.Release|x64.Deploy.0 = Release|iPhone
		{B85A0B0C-C9B5-45AC-8920-E38476DAD40D}.Release|x86.ActiveCfg = Release|iPhone
		{B85A0B0C-C9B5-45AC-8920-E38476DAD40D}.Release|x86.Build.0 = Release|iPhone
		{B85A0B0C-C9B5-45AC-8920-E38476DAD40D}.Release|x86.Deploy.0 = Release|iPhone
		{7D7AD5B4-F26A-4DDF-B0F0-C46D579EC340}.Ad-Hoc|Any CPU.ActiveCfg = Release|x86
		{7D7AD5B4-F26A-4DDF-B0F0-C46D579EC340}.Ad-Hoc|Any CPU.Build.0 = Release|x86
		{7D7AD5B4-F26A-4DDF-B0F0-C46D579EC340}.Ad-Hoc|Any CPU.Deploy.0 = Release|x86
		{7D7AD5B4-F26A-4DDF-B0F0-C46D579EC340}.Ad-Hoc|ARM.ActiveCfg = Release|ARM
		{7D7AD5B4-F26A-4DDF-B0F0-C46D579EC340}.Ad-Hoc|ARM.Build.0 = Release|ARM
		{7D7AD5B4-F26A-4DDF-B0F0-C46D579EC340}.Ad-Hoc|ARM.Deploy.0 = Release|ARM
		{7D7AD5B4-F26A-4DDF-B0F0-C46D579EC340}.Ad-Hoc|iPhone.ActiveCfg = Release|x86
		{7D7AD5B4-F26A-4DDF-B0F0-C46D579EC340}.Ad-Hoc|iPhone.Build.0 = Release|x86
		{7D7AD5B4-F26A-4DDF-B0F0-C46D579EC340}.Ad-Hoc|iPhone.Deploy.0 = Release|x86
		{7D7AD5B4-F26A-4DDF-B0F0-C46D579EC340}.Ad-Hoc|iPhoneSimulator.ActiveCfg = Release|x86
		{7D7AD5B4-F26A-4DDF-B0F0-C46D579EC340}.Ad-Hoc|iPhoneSimulator.Build.0 = Release|x86
		{7D7AD5B4-F26A-4DDF-B0F0-C46D579EC340}.Ad-Hoc|iPhoneSimulator.Deploy.0 = Release|x86
		{7D7AD5B4-F26A-4DDF-B0F0-C46D579EC340}.Ad-Hoc|x64.ActiveCfg = Release|x64
		{7D7AD5B4-F26A-4DDF-B0F0-C46D579EC340}.Ad-Hoc|x64.Build.0 = Release|x64
		{7D7AD5B4-F26A-4DDF-B0F0-C46D579EC340}.Ad-Hoc|x64.Deploy.0 = Release|x64
		{7D7AD5B4-F26A-4DDF-B0F0-C46D579EC340}.Ad-Hoc|x86.ActiveCfg = Release|x86
		{7D7AD5B4-F26A-4DDF-B0F0-C46D579EC340}.Ad-Hoc|x86.Build.0 = Release|x86
		{7D7AD5B4-F26A-4DDF-B0F0-C46D579EC340}.Ad-Hoc|x86.Deploy.0 = Release|x86
		{7D7AD5B4-F26A-4DDF-B0F0-C46D579EC340}.AppStore|Any CPU.ActiveCfg = Release|x86
		{7D7AD5B4-F26A-4DDF-B0F0-C46D579EC340}.AppStore|Any CPU.Build.0 = Release|x86
		{7D7AD5B4-F26A-4DDF-B0F0-C46D579EC340}.AppStore|Any CPU.Deploy.0 = Release|x86
		{7D7AD5B4-F26A-4DDF-B0F0-C46D579EC340}.AppStore|ARM.ActiveCfg = Release|ARM
		{7D7AD5B4-F26A-4DDF-B0F0-C46D579EC340}.AppStore|ARM.Build.0 = Release|ARM
		{7D7AD5B4-F26A-4DDF-B0F0-C46D579EC340}.AppStore|ARM.Deploy.0 = Release|ARM
		{7D7AD5B4-F26A-4DDF-B0F0-C46D579EC340}.AppStore|iPhone.ActiveCfg = Release|x86
		{7D7AD5B4-F26A-4DDF-B0F0-C46D579EC340}.AppStore|iPhone.Build.0 = Release|x86
		{7D7AD5B4-F26A-4DDF-B0F0-C46D579EC340}.AppStore|iPhone.Deploy.0 = Release|x86
		{7D7AD5B4-F26A-4DDF-B0F0-C46D579EC340}.AppStore|iPhoneSimulator.ActiveCfg = Release|x86
		{7D7AD5B4-F26A-4DDF-B0F0-C46D579EC340}.AppStore|iPhoneSimulator.Build.0 = Release|x86
		{7D7AD5B4-F26A-4DDF-B0F0-C46D579EC340}.AppStore|iPhoneSimulator.Deploy.0 = Release|x86
		{7D7AD5B4-F26A-4DDF-B0F0-C46D579EC340}.AppStore|x64.ActiveCfg = Release|x64
		{7D7AD5B4-F26A-4DDF-B0F0-C46D579EC340}.AppStore|x64.Build.0 = Release|x64
		{7D7AD5B4-F26A-4DDF-B0F0-C46D579EC340}.AppStore|x64.Deploy.0 = Release|x64
		{7D7AD5B4-F26A-4DDF-B0F0-C46D579EC340}.AppStore|x86.ActiveCfg = Release|x86
		{7D7AD5B4-F26A-4DDF-B0F0-C46D579EC340}.AppStore|x86.Build.0 = Release|x86
		{7D7AD5B4-F26A-4DDF-B0F0-C46D579EC340}.AppStore|x86.Deploy.0 = Release|x86
		{7D7AD5B4-F26A-4DDF-B0F0-C46D579EC340}.Debug|Any CPU.ActiveCfg = Debug|x86
		{7D7AD5B4-F26A-4DDF-B0F0-C46D579EC340}.Debug|Any CPU.Build.0 = Debug|x86
		{7D7AD5B4-F26A-4DDF-B0F0-C46D579EC340}.Debug|Any CPU.Deploy.0 = Debug|x86
		{7D7AD5B4-F26A-4DDF-B0F0-C46D579EC340}.Debug|ARM.ActiveCfg = Debug|ARM
		{7D7AD5B4-F26A-4DDF-B0F0-C46D579EC340}.Debug|ARM.Build.0 = Debug|ARM
		{7D7AD5B4-F26A-4DDF-B0F0-C46D579EC340}.Debug|ARM.Deploy.0 = Debug|ARM
		{7D7AD5B4-F26A-4DDF-B0F0-C46D579EC340}.Debug|iPhone.ActiveCfg = Debug|x86
		{7D7AD5B4-F26A-4DDF-B0F0-C46D579EC340}.Debug|iPhone.Build.0 = Debug|x86
		{7D7AD5B4-F26A-4DDF-B0F0-C46D579EC340}.Debug|iPhone.Deploy.0 = Debug|x86
		{7D7AD5B4-F26A-4DDF-B0F0-C46D579EC340}.Debug|iPhoneSimulator.ActiveCfg = Debug|x86
		{7D7AD5B4-F26A-4DDF-B0F0-C46D579EC340}.Debug|iPhoneSimulator.Build.0 = Debug|x86
		{7D7AD5B4-F26A-4DDF-B0F0-C46D579EC340}.Debug|iPhoneSimulator.Deploy.0 = Debug|x86
		{7D7AD5B4-F26A-4DDF-B0F0-C46D579EC340}.Debug|x64.ActiveCfg = Debug|x64
		{7D7AD5B4-F26A-4DDF-B0F0-C46D579EC340}.Debug|x64.Build.0 = Debug|x64
		{7D7AD5B4-F26A-4DDF-B0F0-C46D579EC340}.Debug|x64.Deploy.0 = Debug|x64
		{7D7AD5B4-F26A-4DDF-B0F0-C46D579EC340}.Debug|x86.ActiveCfg = Debug|x86
		{7D7AD5B4-F26A-4DDF-B0F0-C46D579EC340}.Debug|x86.Build.0 = Debug|x86
		{7D7AD5B4-F26A-4DDF-B0F0-C46D579EC340}.Debug|x86.Deploy.0 = Debug|x86
		{7D7AD5B4-F26A-4DDF-B0F0-C46D579EC340}.Release|Any CPU.ActiveCfg = Release|x86
		{7D7AD5B4-F26A-4DDF-B0F0-C46D579EC340}.Release|Any CPU.Build.0 = Release|x86
		{7D7AD5B4-F26A-4DDF-B0F0-C46D579EC340}.Release|Any CPU.Deploy.0 = Release|x86
		{7D7AD5B4-F26A-4DDF-B0F0-C46D579EC340}.Release|ARM.ActiveCfg = Release|ARM
		{7D7AD5B4-F26A-4DDF-B0F0-C46D579EC340}.Release|ARM.Build.0 = Release|ARM
		{7D7AD5B4-F26A-4DDF-B0F0-C46D579EC340}.Release|ARM.Deploy.0 = Release|ARM
		{7D7AD5B4-F26A-4DDF-B0F0-C46D579EC340}.Release|iPhone.ActiveCfg = Release|x86
		{7D7AD5B4-F26A-4DDF-B0F0-C46D579EC340}.Release|iPhone.Build.0 = Release|x86
		{7D7AD5B4-F26A-4DDF-B0F0-C46D579EC340}.Release|iPhone.Deploy.0 = Release|x86
		{7D7AD5B4-F26A-4DDF-B0F0-C46D579EC340}.Release|iPhoneSimulator.ActiveCfg = Release|x86
		{7D7AD5B4-F26A-4DDF-B0F0-C46D579EC340}.Release|iPhoneSimulator.Build.0 = Release|x86
		{7D7AD5B4-F26A-4DDF-B0F0-C46D579EC340}.Release|iPhoneSimulator.Deploy.0 = Release|x86
		{7D7AD5B4-F26A-4DDF-B0F0-C46D579EC340}.Release|x64.ActiveCfg = Release|x64
		{7D7AD5B4-F26A-4DDF-B0F0-C46D579EC340}.Release|x64.Build.0 = Release|x64
		{7D7AD5B4-F26A-4DDF-B0F0-C46D579EC340}.Release|x64.Deploy.0 = Release|x64
		{7D7AD5B4-F26A-4DDF-B0F0-C46D579EC340}.Release|x86.ActiveCfg = Release|x86
		{7D7AD5B4-F26A-4DDF-B0F0-C46D579EC340}.Release|x86.Build.0 = Release|x86
		{7D7AD5B4-F26A-4DDF-B0F0-C46D579EC340}.Release|x86.Deploy.0 = Release|x86
		{79C1B46C-A621-4BBF-9B80-10957DD826B1}.Ad-Hoc|Any CPU.ActiveCfg = Debug|Any CPU
		{79C1B46C-A621-4BBF-9B80-10957DD826B1}.Ad-Hoc|Any CPU.Build.0 = Debug|Any CPU
		{79C1B46C-A621-4BBF-9B80-10957DD826B1}.Ad-Hoc|Any CPU.Deploy.0 = Debug|Any CPU
		{79C1B46C-A621-4BBF-9B80-10957DD826B1}.Ad-Hoc|ARM.ActiveCfg = Debug|Any CPU
		{79C1B46C-A621-4BBF-9B80-10957DD826B1}.Ad-Hoc|ARM.Build.0 = Debug|Any CPU
		{79C1B46C-A621-4BBF-9B80-10957DD826B1}.Ad-Hoc|ARM.Deploy.0 = Debug|Any CPU
		{79C1B46C-A621-4BBF-9B80-10957DD826B1}.Ad-Hoc|iPhone.ActiveCfg = Debug|Any CPU
		{79C1B46C-A621-4BBF-9B80-10957DD826B1}.Ad-Hoc|iPhone.Build.0 = Debug|Any CPU
		{79C1B46C-A621-4BBF-9B80-10957DD826B1}.Ad-Hoc|iPhone.Deploy.0 = Debug|Any CPU
		{79C1B46C-A621-4BBF-9B80-10957DD826B1}.Ad-Hoc|iPhoneSimulator.ActiveCfg = Debug|Any CPU
		{79C1B46C-A621-4BBF-9B80-10957DD826B1}.Ad-Hoc|iPhoneSimulator.Build.0 = Debug|Any CPU
		{79C1B46C-A621-4BBF-9B80-10957DD826B1}.Ad-Hoc|iPhoneSimulator.Deploy.0 = Debug|Any CPU
		{79C1B46C-A621-4BBF-9B80-10957DD826B1}.Ad-Hoc|x64.ActiveCfg = Debug|Any CPU
		{79C1B46C-A621-4BBF-9B80-10957DD826B1}.Ad-Hoc|x64.Build.0 = Debug|Any CPU
		{79C1B46C-A621-4BBF-9B80-10957DD826B1}.Ad-Hoc|x64.Deploy.0 = Debug|Any CPU
		{79C1B46C-A621-4BBF-9B80-10957DD826B1}.Ad-Hoc|x86.ActiveCfg = Debug|Any CPU
		{79C1B46C-A621-4BBF-9B80-10957DD826B1}.Ad-Hoc|x86.Build.0 = Debug|Any CPU
		{79C1B46C-A621-4BBF-9B80-10957DD826B1}.Ad-Hoc|x86.Deploy.0 = Debug|Any CPU
		{79C1B46C-A621-4BBF-9B80-10957DD826B1}.AppStore|Any CPU.ActiveCfg = Debug|Any CPU
		{79C1B46C-A621-4BBF-9B80-10957DD826B1}.AppStore|Any CPU.Build.0 = Debug|Any CPU
		{79C1B46C-A621-4BBF-9B80-10957DD826B1}.AppStore|Any CPU.Deploy.0 = Debug|Any CPU
		{79C1B46C-A621-4BBF-9B80-10957DD826B1}.AppStore|ARM.ActiveCfg = Debug|Any CPU
		{79C1B46C-A621-4BBF-9B80-10957DD826B1}.AppStore|ARM.Build.0 = Debug|Any CPU
		{79C1B46C-A621-4BBF-9B80-10957DD826B1}.AppStore|ARM.Deploy.0 = Debug|Any CPU
		{79C1B46C-A621-4BBF-9B80-10957DD826B1}.AppStore|iPhone.ActiveCfg = Debug|Any CPU
		{79C1B46C-A621-4BBF-9B80-10957DD826B1}.AppStore|iPhone.Build.0 = Debug|Any CPU
		{79C1B46C-A621-4BBF-9B80-10957DD826B1}.AppStore|iPhone.Deploy.0 = Debug|Any CPU
		{79C1B46C-A621-4BBF-9B80-10957DD826B1}.AppStore|iPhoneSimulator.ActiveCfg = Debug|Any CPU
		{79C1B46C-A621-4BBF-9B80-10957DD826B1}.AppStore|iPhoneSimulator.Build.0 = Debug|Any CPU
		{79C1B46C-A621-4BBF-9B80-10957DD826B1}.AppStore|iPhoneSimulator.Deploy.0 = Debug|Any CPU
		{79C1B46C-A621-4BBF-9B80-10957DD826B1}.AppStore|x64.ActiveCfg = Debug|Any CPU
		{79C1B46C-A621-4BBF-9B80-10957DD826B1}.AppStore|x64.Build.0 = Debug|Any CPU
		{79C1B46C-A621-4BBF-9B80-10957DD826B1}.AppStore|x64.Deploy.0 = Debug|Any CPU
		{79C1B46C-A621-4BBF-9B80-10957DD826B1}.AppStore|x86.ActiveCfg = Debug|Any CPU
		{79C1B46C-A621-4BBF-9B80-10957DD826B1}.AppStore|x86.Build.0 = Debug|Any CPU
		{79C1B46C-A621-4BBF-9B80-10957DD826B1}.AppStore|x86.Deploy.0 = Debug|Any CPU
		{79C1B46C-A621-4BBF-9B80-10957DD826B1}.Debug|Any CPU.ActiveCfg = Debug|Any CPU
		{79C1B46C-A621-4BBF-9B80-10957DD826B1}.Debug|Any CPU.Build.0 = Debug|Any CPU
		{79C1B46C-A621-4BBF-9B80-10957DD826B1}.Debug|Any CPU.Deploy.0 = Debug|Any CPU
		{79C1B46C-A621-4BBF-9B80-10957DD826B1}.Debug|ARM.ActiveCfg = Debug|Any CPU
		{79C1B46C-A621-4BBF-9B80-10957DD826B1}.Debug|ARM.Build.0 = Debug|Any CPU
		{79C1B46C-A621-4BBF-9B80-10957DD826B1}.Debug|ARM.Deploy.0 = Debug|Any CPU
		{79C1B46C-A621-4BBF-9B80-10957DD826B1}.Debug|iPhone.ActiveCfg = Debug|Any CPU
		{79C1B46C-A621-4BBF-9B80-10957DD826B1}.Debug|iPhone.Build.0 = Debug|Any CPU
		{79C1B46C-A621-4BBF-9B80-10957DD826B1}.Debug|iPhone.Deploy.0 = Debug|Any CPU
		{79C1B46C-A621-4BBF-9B80-10957DD826B1}.Debug|iPhoneSimulator.ActiveCfg = Debug|Any CPU
		{79C1B46C-A621-4BBF-9B80-10957DD826B1}.Debug|iPhoneSimulator.Build.0 = Debug|Any CPU
		{79C1B46C-A621-4BBF-9B80-10957DD826B1}.Debug|iPhoneSimulator.Deploy.0 = Debug|Any CPU
		{79C1B46C-A621-4BBF-9B80-10957DD826B1}.Debug|x64.ActiveCfg = Debug|Any CPU
		{79C1B46C-A621-4BBF-9B80-10957DD826B1}.Debug|x64.Build.0 = Debug|Any CPU
		{79C1B46C-A621-4BBF-9B80-10957DD826B1}.Debug|x64.Deploy.0 = Debug|Any CPU
		{79C1B46C-A621-4BBF-9B80-10957DD826B1}.Debug|x86.ActiveCfg = Debug|Any CPU
		{79C1B46C-A621-4BBF-9B80-10957DD826B1}.Debug|x86.Build.0 = Debug|Any CPU
		{79C1B46C-A621-4BBF-9B80-10957DD826B1}.Debug|x86.Deploy.0 = Debug|Any CPU
		{79C1B46C-A621-4BBF-9B80-10957DD826B1}.Release|Any CPU.ActiveCfg = Release|Any CPU
		{79C1B46C-A621-4BBF-9B80-10957DD826B1}.Release|Any CPU.Build.0 = Release|Any CPU
		{79C1B46C-A621-4BBF-9B80-10957DD826B1}.Release|Any CPU.Deploy.0 = Release|Any CPU
		{79C1B46C-A621-4BBF-9B80-10957DD826B1}.Release|ARM.ActiveCfg = Release|Any CPU
		{79C1B46C-A621-4BBF-9B80-10957DD826B1}.Release|ARM.Build.0 = Release|Any CPU
		{79C1B46C-A621-4BBF-9B80-10957DD826B1}.Release|ARM.Deploy.0 = Release|Any CPU
		{79C1B46C-A621-4BBF-9B80-10957DD826B1}.Release|iPhone.ActiveCfg = Release|Any CPU
		{79C1B46C-A621-4BBF-9B80-10957DD826B1}.Release|iPhone.Build.0 = Release|Any CPU
		{79C1B46C-A621-4BBF-9B80-10957DD826B1}.Release|iPhone.Deploy.0 = Release|Any CPU
		{79C1B46C-A621-4BBF-9B80-10957DD826B1}.Release|iPhoneSimulator.ActiveCfg = Release|Any CPU
		{79C1B46C-A621-4BBF-9B80-10957DD826B1}.Release|iPhoneSimulator.Build.0 = Release|Any CPU
		{79C1B46C-A621-4BBF-9B80-10957DD826B1}.Release|iPhoneSimulator.Deploy.0 = Release|Any CPU
		{79C1B46C-A621-4BBF-9B80-10957DD826B1}.Release|x64.ActiveCfg = Release|Any CPU
		{79C1B46C-A621-4BBF-9B80-10957DD826B1}.Release|x64.Build.0 = Release|Any CPU
		{79C1B46C-A621-4BBF-9B80-10957DD826B1}.Release|x64.Deploy.0 = Release|Any CPU
		{79C1B46C-A621-4BBF-9B80-10957DD826B1}.Release|x86.ActiveCfg = Release|Any CPU
		{79C1B46C-A621-4BBF-9B80-10957DD826B1}.Release|x86.Build.0 = Release|Any CPU
		{79C1B46C-A621-4BBF-9B80-10957DD826B1}.Release|x86.Deploy.0 = Release|Any CPU
	EndGlobalSection
	GlobalSection(SolutionProperties) = preSolution
		HideSolutionNode = FALSE
	EndGlobalSection
	GlobalSection(ExtensibilityGlobals) = postSolution
		SolutionGuid = {D0A7C7CC-11F2-4E0F-9C65-1B338A5AB6F0}
	EndGlobalSection
EndGlobal
